Microsoft Visual Studio Solution File, Format Version 11.00
# Visual Studio 2008

Project("{90240576-B9F0-9847-9A41-5735D0946CB7}") = "ChenTheLastAirbender", "Assembly-CSharp-firstpass.csproj", "{4DFBE1CF-9037-F1C0-991E-C868678EA227}"
EndProject
Project("{90240576-B9F0-9847-9A41-5735D0946CB7}") = "ChenTheLastAirbender", "Assembly-UnityScript-firstpass.unityproj", "{06A80823-772E-FB50-66DE-7D57EE48786F}"
EndProject
Project("{90240576-B9F0-9847-9A41-5735D0946CB7}") = "ChenTheLastAirbender", "Assembly-UnityScript.unityproj", "{CAF5F8E5-3514-89BF-5CD9-995D1B86C214}"
EndProject
Global
	GlobalSection(SolutionConfigurationPlatforms) = preSolution
		Debug|Any CPU = Debug|Any CPU
		Release|Any CPU = Release|Any CPU
	EndGlobalSection
	GlobalSection(ProjectConfigurationPlatforms) = postSolution
		{4DFBE1CF-9037-F1C0-991E-C868678EA227}.Debug|Any CPU.ActiveCfg = Debug|Any CPU
		{4DFBE1CF-9037-F1C0-991E-C868678EA227}.Debug|Any CPU.Build.0 = Debug|Any CPU
		{4DFBE1CF-9037-F1C0-991E-C868678EA227}.Release|Any CPU.ActiveCfg = Release|Any CPU
		{4DFBE1CF-9037-F1C0-991E-C868678EA227}.Release|Any CPU.Build.0 = Release|Any CPU
		{06A80823-772E-FB50-66DE-7D57EE48786F}.Debug|Any CPU.ActiveCfg = Debug|Any CPU
		{06A80823-772E-FB50-66DE-7D57EE48786F}.Debug|Any CPU.Build.0 = Debug|Any CPU
		{06A80823-772E-FB50-66DE-7D57EE48786F}.Release|Any CPU.ActiveCfg = Release|Any CPU
		{06A80823-772E-FB50-66DE-7D57EE48786F}.Release|Any CPU.Build.0 = Release|Any CPU
		{CAF5F8E5-3514-89BF-5CD9-995D1B86C214}.Debug|Any CPU.ActiveCfg = Debug|Any CPU
		{CAF5F8E5-3514-89BF-5CD9-995D1B86C214}.Debug|Any CPU.Build.0 = Debug|Any CPU
		{CAF5F8E5-3514-89BF-5CD9-995D1B86C214}.Release|Any CPU.ActiveCfg = Release|Any CPU
		{CAF5F8E5-3514-89BF-5CD9-995D1B86C214}.Release|Any CPU.Build.0 = Release|Any CPU
	EndGlobalSection
	GlobalSection(SolutionProperties) = preSolution
		HideSolutionNode = FALSE
	EndGlobalSection
		GlobalSection(MonoDevelopProperties) = preSolution
		StartupItem = Assembly-CSharp.csproj
		Policies = $0
		$0.TextStylePolicy = $1
		$1.inheritsSet = null
		$1.scope = text/x-csharp
		$0.CSharpFormattingPolicy = $2
		$2.inheritsSet = Mono
		$2.inheritsScope = text/x-csharp
		$2.scope = text/x-csharp
		$0.TextStylePolicy = $3
		$3.FileWidth = 120
		$3.TabWidth = 4
		$3.EolMarker = Unix
		$3.inheritsSet = Mono
		$3.inheritsScope = text/plain
		$3.scope = text/plain
	EndGlobalSection

EndGlobal
